
Microsoft Visual Studio Solution File, Format Version 12.00
# Visual Studio Version 17
VisualStudioVersion = 17.6.33723.286
MinimumVisualStudioVersion = 10.0.40219.1
Project("{FAE04EC0-301F-11D3-BF4B-00C04F79EFBC}") = "Lesson 1 dz", "Lesson 1 dz.csproj", "{AD3EA6F7-9509-4FA6-B3F8-0AAC647FB001}"
EndProject
Global
	GlobalSection(SolutionConfigurationPlatforms) = preSolution
		Debug|Any CPU = Debug|Any CPU
		Release|Any CPU = Release|Any CPU
	EndGlobalSection
	GlobalSection(ProjectConfigurationPlatforms) = postSolution
		{AD3EA6F7-9509-4FA6-B3F8-0AAC647FB001}.Debug|Any CPU.ActiveCfg = Debug|Any CPU
		{AD3EA6F7-9509-4FA6-B3F8-0AAC647FB001}.Debug|Any CPU.Build.0 = Debug|Any CPU
		{AD3EA6F7-9509-4FA6-B3F8-0AAC647FB001}.Release|Any CPU.ActiveCfg = Release|Any CPU
		{AD3EA6F7-9509-4FA6-B3F8-0AAC647FB001}.Release|Any CPU.Build.0 = Release|Any CPU
	EndGlobalSection
	GlobalSection(SolutionProperties) = preSolution
		HideSolutionNode = FALSE
	EndGlobalSection
	GlobalSection(ExtensibilityGlobals) = postSolution
		SolutionGuid = {36FB8CDA-419E-42EE-ABCA-23552139E7F9}
	EndGlobalSection
EndGlobal
